
Microsoft Visual Studio Solution File, Format Version 12.00
# Visual Studio Version 17
VisualStudioVersion = 17.14.36221.1 d17.14
MinimumVisualStudioVersion = 10.0.40219.1
Project("{FAE04EC0-301F-11D3-BF4B-00C04F79EFBC}") = "Review Activity 1 Using Control-Flow Structures", "Review Activity 1 Using Control-Flow Structures\Review Activity 1 Using Control-Flow Structures.csproj", "{C19F0772-C23A-4B5F-B0BE-D36C58AF5675}"
EndProject
Global
	GlobalSection(SolutionConfigurationPlatforms) = preSolution
		Debug|Any CPU = Debug|Any CPU
		Release|Any CPU = Release|Any CPU
	EndGlobalSection
	GlobalSection(ProjectConfigurationPlatforms) = postSolution
		{C19F0772-C23A-4B5F-B0BE-D36C58AF5675}.Debug|Any CPU.ActiveCfg = Debug|Any CPU
		{C19F0772-C23A-4B5F-B0BE-D36C58AF5675}.Debug|Any CPU.Build.0 = Debug|Any CPU
		{C19F0772-C23A-4B5F-B0BE-D36C58AF5675}.Release|Any CPU.ActiveCfg = Release|Any CPU
		{C19F0772-C23A-4B5F-B0BE-D36C58AF5675}.Release|Any CPU.Build.0 = Release|Any CPU
	EndGlobalSection
	GlobalSection(SolutionProperties) = preSolution
		HideSolutionNode = FALSE
	EndGlobalSection
	GlobalSection(ExtensibilityGlobals) = postSolution
		SolutionGuid = {3B6A3F3F-CF63-4A84-AADB-6C38E19BA164}
	EndGlobalSection
EndGlobal
